
Microsoft Visual Studio Solution File, Format Version 12.00
# Visual Studio Version 17
VisualStudioVersion = 17.11.35327.3
MinimumVisualStudioVersion = 10.0.40219.1
Project("{FAE04EC0-301F-11D3-BF4B-00C04F79EFBC}") = "ProjetoAula02", "ProjetoAula02\ProjetoAula02.csproj", "{F5C0B53C-6E4D-4C17-AC14-7796D85D2BDE}"
EndProject
Global
	GlobalSection(SolutionConfigurationPlatforms) = preSolution
		Debug|Any CPU = Debug|Any CPU
		Release|Any CPU = Release|Any CPU
	EndGlobalSection
	GlobalSection(ProjectConfigurationPlatforms) = postSolution
		{F5C0B53C-6E4D-4C17-AC14-7796D85D2BDE}.Debug|Any CPU.ActiveCfg = Debug|Any CPU
		{F5C0B53C-6E4D-4C17-AC14-7796D85D2BDE}.Debug|Any CPU.Build.0 = Debug|Any CPU
		{F5C0B53C-6E4D-4C17-AC14-7796D85D2BDE}.Release|Any CPU.ActiveCfg = Release|Any CPU
		{F5C0B53C-6E4D-4C17-AC14-7796D85D2BDE}.Release|Any CPU.Build.0 = Release|Any CPU
	EndGlobalSection
	GlobalSection(SolutionProperties) = preSolution
		HideSolutionNode = FALSE
	EndGlobalSection
	GlobalSection(ExtensibilityGlobals) = postSolution
		SolutionGuid = {EC46C396-C9AE-4A42-ACB1-F04B4609F9D4}
	EndGlobalSection
EndGlobal
